schema: '2.0'
stages:
  data_preparation:
    cmd: python src/amogel/pipeline/stage_01_data_preparation.py
    deps:
    - path: config/config.yaml
      hash: md5
      md5: 7ea32f52ad7aeb98519c7022f0552939
      size: 1806
    - path: src/amogel/pipeline/stage_01_data_preparation.py
      hash: md5
      md5: 842e194cd17a5681ca912ff0b3aef267
      size: 920
    outs:
    - path: artifacts/data_ingestion
      hash: md5
      md5: 23b38032eda1dc959b2fe77e89941675.dir
      size: 33030144
      nfiles: 1
  ppi_data_prepration:
    cmd: python src/amogel/pipeline/stage_02_ppi_preparation.py
    deps:
    - path: config/config.yaml
      hash: md5
      md5: 4f549569bddb8c463cfe8486d1d51772
      size: 1403
    - path: src/amogel/pipeline/stage_02_ppi_preparation.py
      hash: md5
      md5: 3983deecbc41d28fd372f3dabe17f50b
      size: 887
    outs:
    - path: artifacts/ppi_data
      hash: md5
      md5: 254634439ce0bbc824ffb7320c2a6493.dir
      size: 722301045
      nfiles: 4
  data_preprocessing:
    cmd: python src\amogel\pipeline\stage_03_data_preprocessing.py
    deps:
    - path: config\config.yaml
      hash: md5
      md5: 4f549569bddb8c463cfe8486d1d51772
      size: 1403
    - path: src\amogel\components\data_preprocessing.py
      hash: md5
      md5: 7274ac64ad5bb57dd8a6092a685e1ee2
      size: 14534
    - path: src\amogel\pipeline\stage_03_data_preprocessing.py
      hash: md5
      md5: 6fda2847e05423cb8afe0da35c29f16f
      size: 1239
    outs:
    - path: artifacts\data_preprocessing
      hash: md5
      md5: 57d60e85e3d8a4d100bd2ee8b91ceda3.dir
      size: 187160106
      nfiles: 14
  model_training:
    cmd: python src/amogel/pipeline/stage_06_model_training.py
    deps:
    - path: src/amogel/components/model_training.py
      hash: md5
      md5: f7252ec51ef2bf122fb7d1bf7efb624d
      size: 2039
    - path: src/amogel/pipeline/stage_06_model_training.py
      hash: md5
      md5: 026abc1a0b4d3ec4a4adcb81566761e6
      size: 849
    params:
      params.yaml:
        model_training:
          dataset: unified
          model: GraphClassification
          hidden_units: 32
          learning_rate: 1e-05
          learning_epoch: 300
          drop_out: 0.1
  knowledge_graph:
    cmd: python src/amogel/pipeline/stage_05_knowledge_graph.py
    deps:
    - path: config/config.yaml
      hash: md5
      md5: ca58382f51a64a2f78b3f8c157550b07
      size: 1842
    - path: src/amogel/components/knowledge_graph.py
      hash: md5
      md5: ef8d13be34776da4abe43036b1ee679c
      size: 28239
    - path: src/amogel/pipeline/stage_05_knowledge_graph.py
      hash: md5
      md5: 87f27cda6128d6b1c37184668b443292
      size: 2646
    outs:
    - path: artifacts/knowledge_graph
      hash: md5
      md5: 91451948a0cfbedb577978ab94c9f0f0.dir
      size: 60445458136
      nfiles: 39
